
Microsoft Visual Studio Solution File, Format Version 12.00
# Visual Studio Version 16
VisualStudioVersion = 16.0.31624.102
MinimumVisualStudioVersion = 10.0.40219.1
Project("{FAE04EC0-301F-11D3-BF4B-00C04F79EFBC}") = "DiscountCards.Data", "DiscountCards.Data\DiscountCards.Data.csproj", "{1F34939B-4D46-4429-A3A0-589EC1CEC5EA}"
EndProject
Project("{FAE04EC0-301F-11D3-BF4B-00C04F79EFBC}") = "DiscountCards.Core", "DiscountCards.Core\DiscountCards.Core.csproj", "{69466F78-4A7B-42C2-A17D-5A02BCB61214}"
EndProject
Project("{FAE04EC0-301F-11D3-BF4B-00C04F79EFBC}") = "DiscountCards.API", "DiscountCards.API\DiscountCards.API.csproj", "{CAD9B301-3493-4264-8B67-9A64D6DCF50B}"
EndProject
Global
	GlobalSection(SolutionConfigurationPlatforms) = preSolution
		Debug|Any CPU = Debug|Any CPU
		Release|Any CPU = Release|Any CPU
	EndGlobalSection
	GlobalSection(ProjectConfigurationPlatforms) = postSolution
		{1F34939B-4D46-4429-A3A0-589EC1CEC5EA}.Debug|Any CPU.ActiveCfg = Debug|Any CPU
		{1F34939B-4D46-4429-A3A0-589EC1CEC5EA}.Debug|Any CPU.Build.0 = Debug|Any CPU
		{1F34939B-4D46-4429-A3A0-589EC1CEC5EA}.Release|Any CPU.ActiveCfg = Release|Any CPU
		{1F34939B-4D46-4429-A3A0-589EC1CEC5EA}.Release|Any CPU.Build.0 = Release|Any CPU
		{69466F78-4A7B-42C2-A17D-5A02BCB61214}.Debug|Any CPU.ActiveCfg = Debug|Any CPU
		{69466F78-4A7B-42C2-A17D-5A02BCB61214}.Debug|Any CPU.Build.0 = Debug|Any CPU
		{69466F78-4A7B-42C2-A17D-5A02BCB61214}.Release|Any CPU.ActiveCfg = Release|Any CPU
		{69466F78-4A7B-42C2-A17D-5A02BCB61214}.Release|Any CPU.Build.0 = Release|Any CPU
		{CAD9B301-3493-4264-8B67-9A64D6DCF50B}.Debug|Any CPU.ActiveCfg = Debug|Any CPU
		{CAD9B301-3493-4264-8B67-9A64D6DCF50B}.Debug|Any CPU.Build.0 = Debug|Any CPU
		{CAD9B301-3493-4264-8B67-9A64D6DCF50B}.Release|Any CPU.ActiveCfg = Release|Any CPU
		{CAD9B301-3493-4264-8B67-9A64D6DCF50B}.Release|Any CPU.Build.0 = Release|Any CPU
	EndGlobalSection
	GlobalSection(SolutionProperties) = preSolution
		HideSolutionNode = FALSE
	EndGlobalSection
	GlobalSection(ExtensibilityGlobals) = postSolution
		SolutionGuid = {71D37956-FEE3-4193-9D3D-B6C47B5EED10}
	EndGlobalSection
EndGlobal
